// !$*UTF8*$!
{
	archiveVersion = 1;
	classes = {
	};
	objectVersion = 46;
	objects = {

/* Begin PBXBuildFile section */
		6C71E2278AE8AD16798ABDFF /* Pods_ChatRoom.framework in Frameworks */ = {isa = PBXBuildFile; fileRef = E1CFE88DC622735B6FD02486 /* Pods_ChatRoom.framework */; };
		C99AE90DC4E5F18B2AB3E68A /* Pods_ChatRoomTests.framework in Frameworks */ = {isa = PBXBuildFile; fileRef = 8974A984AABECB33C07E7DC5 /* Pods_ChatRoomTests.framework */; };
		CFCFBC201ED231A9009CC89F /* AppDelegate.swift in Sources */ = {isa = PBXBuildFile; fileRef = CFCFBC1F1ED231A9009CC89F /* AppDelegate.swift */; };
		CFCFBC251ED231A9009CC89F /* Main.storyboard in Resources */ = {isa = PBXBuildFile; fileRef = CFCFBC231ED231A9009CC89F /* Main.storyboard */; };
		CFCFBC271ED231A9009CC89F /* Assets.xcassets in Resources */ = {isa = PBXBuildFile; fileRef = CFCFBC261ED231A9009CC89F /* Assets.xcassets */; };
		CFCFBC2A1ED231A9009CC89F /* LaunchScreen.storyboard in Resources */ = {isa = PBXBuildFile; fileRef = CFCFBC281ED231A9009CC89F /* LaunchScreen.storyboard */; };
		CFCFBC351ED231AA009CC89F /* ChatRoomTests.swift in Sources */ = {isa = PBXBuildFile; fileRef = CFCFBC341ED231AA009CC89F /* ChatRoomTests.swift */; };
		CFCFBC401ED231AA009CC89F /* ChatRoomUITests.swift in Sources */ = {isa = PBXBuildFile; fileRef = CFCFBC3F1ED231AA009CC89F /* ChatRoomUITests.swift */; };
		CFCFBC4F1ED233B6009CC89F /* SignInVC.swift in Sources */ = {isa = PBXBuildFile; fileRef = CFCFBC4E1ED233B6009CC89F /* SignInVC.swift */; };
		F7001947652C5C36A147EF98 /* Pods_ChatRoomUITests.framework in Frameworks */ = {isa = PBXBuildFile; fileRef = 2CE4F0E222593C7188EA4E45 /* Pods_ChatRoomUITests.framework */; };
/* End PBXBuildFile section */

/* Begin PBXContainerItemProxy section */
		CFCFBC311ED231AA009CC89F /* PBXContainerItemProxy */ = {
			isa = PBXContainerItemProxy;
			containerPortal = CFCFBC141ED231A9009CC89F /* Project object */;
			proxyType = 1;
			remoteGlobalIDString = CFCFBC1B1ED231A9009CC89F;
			remoteInfo = ChatRoom;
		};
		CFCFBC3C1ED231AA009CC89F /* PBXContainerItemProxy */ = {
			isa = PBXContainerItemProxy;
			containerPortal = CFCFBC141ED231A9009CC89F /* Project object */;
			proxyType = 1;
			remoteGlobalIDString = CFCFBC1B1ED231A9009CC89F;
			remoteInfo = ChatRoom;
		};
/* End PBXContainerItemProxy section */

/* Begin PBXFileReference section */
		0AA9E2F16F3B60678BB0BFD8 /* Pods-ChatRoomTests.debug.xcconfig */ = {isa = PBXFileReference; includeInIndex = 1; lastKnownFileType = text.xcconfig; name = "Pods-ChatRoomTests.debug.xcconfig"; path = "Pods/Target Support Files/Pods-ChatRoomTests/Pods-ChatRoomTests.debug.xcconfig"; sourceTree = "<group>"; };
		1B4DFC170EF22A13C9F8FD2D /* Pods-ChatRoomTests.release.xcconfig */ = {isa = PBXFileReference; includeInIndex = 1; lastKnownFileType = text.xcconfig; name = "Pods-ChatRoomTests.release.xcconfig"; path = "Pods/Target Support Files/Pods-ChatRoomTests/Pods-ChatRoomTests.release.xcconfig"; sourceTree = "<group>"; };
		22F87A342EC3016FF0D6383D /* Pods-ChatRoomUITests.release.xcconfig */ = {isa = PBXFileReference; includeInIndex = 1; lastKnownFileType = text.xcconfig; name = "Pods-ChatRoomUITests.release.xcconfig"; path = "Pods/Target Support Files/Pods-ChatRoomUITests/Pods-ChatRoomUITests.release.xcconfig"; sourceTree = "<group>"; };
		2CE4F0E222593C7188EA4E45 /* Pods_ChatRoomUITests.framework */ = {isa = PBXFileReference; explicitFileType = wrapper.framework; includeInIndex = 0; path = Pods_ChatRoomUITests.framework; sourceTree = BUILT_PRODUCTS_DIR; };
		386DB5B2F269963B36BF2F49 /* Pods-ChatRoom.debug.xcconfig */ = {isa = PBXFileReference; includeInIndex = 1; lastKnownFileType = text.xcconfig; name = "Pods-ChatRoom.debug.xcconfig"; path = "Pods/Target Support Files/Pods-ChatRoom/Pods-ChatRoom.debug.xcconfig"; sourceTree = "<group>"; };
		448BAAFD08F0CB0D9DABEA28 /* Pods-ChatRoom.release.xcconfig */ = {isa = PBXFileReference; includeInIndex = 1; lastKnownFileType = text.xcconfig; name = "Pods-ChatRoom.release.xcconfig"; path = "Pods/Target Support Files/Pods-ChatRoom/Pods-ChatRoom.release.xcconfig"; sourceTree = "<group>"; };
		698563C41BDE53CA7BDAD8A2 /* Pods-ChatRoomUITests.debug.xcconfig */ = {isa = PBXFileReference; includeInIndex = 1; lastKnownFileType = text.xcconfig; name = "Pods-ChatRoomUITests.debug.xcconfig"; path = "Pods/Target Support Files/Pods-ChatRoomUITests/Pods-ChatRoomUITests.debug.xcconfig"; sourceTree = "<group>"; };
		8974A984AABECB33C07E7DC5 /* Pods_ChatRoomTests.framework */ = {isa = PBXFileReference; explicitFileType = wrapper.framework; includeInIndex = 0; path = Pods_ChatRoomTests.framework; sourceTree = BUILT_PRODUCTS_DIR; };
		CFCFBC1C1ED231A9009CC89F /* ChatRoom.app */ = {isa = PBXFileReference; explicitFileType = wrapper.application; includeInIndex = 0; path = ChatRoom.app; sourceTree = BUILT_PRODUCTS_DIR; };
		CFCFBC1F1ED231A9009CC89F /* AppDelegate.swift */ = {isa = PBXFileReference; lastKnownFileType = sourcecode.swift; path = AppDelegate.swift; sourceTree = "<group>"; };
		CFCFBC241ED231A9009CC89F /* Base */ = {isa = PBXFileReference; lastKnownFileType = file.storyboard; name = Base; path = Base.lproj/Main.storyboard; sourceTree = "<group>"; };
		CFCFBC261ED231A9009CC89F /* Assets.xcassets */ = {isa = PBXFileReference; lastKnownFileType = folder.assetcatalog; path = Assets.xcassets; sourceTree = "<group>"; };
		CFCFBC291ED231A9009CC89F /* Base */ = {isa = PBXFileReference; lastKnownFileType = file.storyboard; name = Base; path = Base.lproj/LaunchScreen.storyboard; sourceTree = "<group>"; };
		CFCFBC2B1ED231AA009CC89F /* Info.plist */ = {isa = PBXFileReference; lastKnownFileType = text.plist.xml; path = Info.plist; sourceTree = "<group>"; };
		CFCFBC301ED231AA009CC89F /* ChatRoomTests.xctest */ = {isa = PBXFileReference; explicitFileType = wrapper.cfbundle; includeInIndex = 0; path = ChatRoomTests.xctest; sourceTree = BUILT_PRODUCTS_DIR; };
		CFCFBC341ED231AA009CC89F /* ChatRoomTests.swift */ = {isa = PBXFileReference; lastKnownFileType = sourcecode.swift; path = ChatRoomTests.swift; sourceTree = "<group>"; };
		CFCFBC361ED231AA009CC89F /* Info.plist */ = {isa = PBXFileReference; lastKnownFileType = text.plist.xml; path = Info.plist; sourceTree = "<group>"; };
		CFCFBC3B1ED231AA009CC89F /* ChatRoomUITests.xctest */ = {isa = PBXFileReference; explicitFileType = wrapper.cfbundle; includeInIndex = 0; path = ChatRoomUITests.xctest; sourceTree = BUILT_PRODUCTS_DIR; };
		CFCFBC3F1ED231AA009CC89F /* ChatRoomUITests.swift */ = {isa = PBXFileReference; lastKnownFileType = sourcecode.swift; path = ChatRoomUITests.swift; sourceTree = "<group>"; };
		CFCFBC411ED231AA009CC89F /* Info.plist */ = {isa = PBXFileReference; lastKnownFileType = text.plist.xml; path = Info.plist; sourceTree = "<group>"; };
		CFCFBC4E1ED233B6009CC89F /* SignInVC.swift */ = {isa = PBXFileReference; fileEncoding = 4; lastKnownFileType = sourcecode.swift; path = SignInVC.swift; sourceTree = "<group>"; };
		E1CFE88DC622735B6FD02486 /* Pods_ChatRoom.framework */ = {isa = PBXFileReference; explicitFileType = wrapper.framework; includeInIndex = 0; path = Pods_ChatRoom.framework; sourceTree = BUILT_PRODUCTS_DIR; };
/* End PBXFileReference section */

/* Begin PBXFrameworksBuildPhase section */
		CFCFBC191ED231A9009CC89F /* Frameworks */ = {
			isa = PBXFrameworksBuildPhase;
			buildActionMask = 2147483647;
			files = (
				6C71E2278AE8AD16798ABDFF /* Pods_ChatRoom.framework in Frameworks */,
			);
			runOnlyForDeploymentPostprocessing = 0;
		};
		CFCFBC2D1ED231AA009CC89F /* Frameworks */ = {
			isa = PBXFrameworksBuildPhase;
			buildActionMask = 2147483647;
			files = (
				C99AE90DC4E5F18B2AB3E68A /* Pods_ChatRoomTests.framework in Frameworks */,
			);
			runOnlyForDeploymentPostprocessing = 0;
		};
		CFCFBC381ED231AA009CC89F /* Frameworks */ = {
			isa = PBXFrameworksBuildPhase;
			buildActionMask = 2147483647;
			files = (
				F7001947652C5C36A147EF98 /* Pods_ChatRoomUITests.framework in Frameworks */,
			);
			runOnlyForDeploymentPostprocessing = 0;
		};
/* End PBXFrameworksBuildPhase section */

/* Begin PBXGroup section */
		1012DC116F0EB1D565E3F5C1 /* Pods */ = {
			isa = PBXGroup;
			children = (
				386DB5B2F269963B36BF2F49 /* Pods-ChatRoom.debug.xcconfig */,
				448BAAFD08F0CB0D9DABEA28 /* Pods-ChatRoom.release.xcconfig */,
				0AA9E2F16F3B60678BB0BFD8 /* Pods-ChatRoomTests.debug.xcconfig */,
				1B4DFC170EF22A13C9F8FD2D /* Pods-ChatRoomTests.release.xcconfig */,
				698563C41BDE53CA7BDAD8A2 /* Pods-ChatRoomUITests.debug.xcconfig */,
				22F87A342EC3016FF0D6383D /* Pods-ChatRoomUITests.release.xcconfig */,
			);
			name = Pods;
			sourceTree = "<group>";
		};
		1E6FD856C16984DC5B0EF45E /* Frameworks */ = {
			isa = PBXGroup;
			children = (
				E1CFE88DC622735B6FD02486 /* Pods_ChatRoom.framework */,
				8974A984AABECB33C07E7DC5 /* Pods_ChatRoomTests.framework */,
				2CE4F0E222593C7188EA4E45 /* Pods_ChatRoomUITests.framework */,
			);
			name = Frameworks;
			sourceTree = "<group>";
		};
		CFCFBC131ED231A9009CC89F = {
			isa = PBXGroup;
			children = (
				CFCFBC1E1ED231A9009CC89F /* ChatRoom */,
				CFCFBC331ED231AA009CC89F /* ChatRoomTests */,
				CFCFBC3E1ED231AA009CC89F /* ChatRoomUITests */,
				CFCFBC1D1ED231A9009CC89F /* Products */,
				1012DC116F0EB1D565E3F5C1 /* Pods */,
				1E6FD856C16984DC5B0EF45E /* Frameworks */,
			);
			sourceTree = "<group>";
		};
		CFCFBC1D1ED231A9009CC89F /* Products */ = {
			isa = PBXGroup;
			children = (
				CFCFBC1C1ED231A9009CC89F /* ChatRoom.app */,
				CFCFBC301ED231AA009CC89F /* ChatRoomTests.xctest */,
				CFCFBC3B1ED231AA009CC89F /* ChatRoomUITests.xctest */,
			);
			name = Products;
			sourceTree = "<group>";
		};
		CFCFBC1E1ED231A9009CC89F /* ChatRoom */ = {
			isa = PBXGroup;
			children = (
				CFCFBC4D1ED23390009CC89F /* Views */,
				CFCFBC1F1ED231A9009CC89F /* AppDelegate.swift */,
				CFCFBC231ED231A9009CC89F /* Main.storyboard */,
				CFCFBC261ED231A9009CC89F /* Assets.xcassets */,
				CFCFBC281ED231A9009CC89F /* LaunchScreen.storyboard */,
				CFCFBC2B1ED231AA009CC89F /* Info.plist */,
			);
			path = ChatRoom;
			sourceTree = "<group>";
		};
		CFCFBC331ED231AA009CC89F /* ChatRoomTests */ = {
			isa = PBXGroup;
			children = (
				CFCFBC341ED231AA009CC89F /* ChatRoomTests.swift */,
				CFCFBC361ED231AA009CC89F /* Info.plist */,
			);
			path = ChatRoomTests;
			sourceTree = "<group>";
		};
		CFCFBC3E1ED231AA009CC89F /* ChatRoomUITests */ = {
			isa = PBXGroup;
			children = (
				CFCFBC3F1ED231AA009CC89F /* ChatRoomUITests.swift */,
				CFCFBC411ED231AA009CC89F /* Info.plist */,
			);
			path = ChatRoomUITests;
			sourceTree = "<group>";
		};
		CFCFBC4D1ED23390009CC89F /* Views */ = {
			isa = PBXGroup;
			children = (
				CFCFBC4E1ED233B6009CC89F /* SignInVC.swift */,
			);
			name = Views;
			sourceTree = "<group>";
		};
/* End PBXGroup section */

/* Begin PBXNativeTarget section */
		CFCFBC1B1ED231A9009CC89F /* ChatRoom */ = {
			isa = PBXNativeTarget;
			buildConfigurationList = CFCFBC441ED231AA009CC89F /* Build configuration list for PBXNativeTarget "ChatRoom" */;
			buildPhases = (
				7A67D717310BB50631BFFF23 /* [CP] Check Pods Manifest.lock */,
				CFCFBC181ED231A9009CC89F /* Sources */,
				CFCFBC191ED231A9009CC89F /* Frameworks */,
				CFCFBC1A1ED231A9009CC89F /* Resources */,
				6DF199438462E28CCDF15BE8 /* [CP] Embed Pods Frameworks */,
				9C576329747C7BDD3199137C /* [CP] Copy Pods Resources */,
			);
			buildRules = (
			);
			dependencies = (
			);
			name = ChatRoom;
			productName = ChatRoom;
			productReference = CFCFBC1C1ED231A9009CC89F /* ChatRoom.app */;
			productType = "com.apple.product-type.application";
		};
		CFCFBC2F1ED231AA009CC89F /* ChatRoomTests */ = {
			isa = PBXNativeTarget;
			buildConfigurationList = CFCFBC471ED231AA009CC89F /* Build configuration list for PBXNativeTarget "ChatRoomTests" */;
			buildPhases = (
				E74F849042A9B4AD0D5636D9 /* [CP] Check Pods Manifest.lock */,
				CFCFBC2C1ED231AA009CC89F /* Sources */,
				CFCFBC2D1ED231AA009CC89F /* Frameworks */,
				CFCFBC2E1ED231AA009CC89F /* Resources */,
				832D8B4402AEFD48F168858D /* [CP] Embed Pods Frameworks */,
				0F192490478601F7BC86AC48 /* [CP] Copy Pods Resources */,
			);
			buildRules = (
			);
			dependencies = (
				CFCFBC321ED231AA009CC89F /* PBXTargetDependency */,
			);
			name = ChatRoomTests;
			productName = ChatRoomTests;
			productReference = CFCFBC301ED231AA009CC89F /* ChatRoomTests.xctest */;
			productType = "com.apple.product-type.bundle.unit-test";
		};
		CFCFBC3A1ED231AA009CC89F /* ChatRoomUITests */ = {
			isa = PBXNativeTarget;
			buildConfigurationList = CFCFBC4A1ED231AA009CC89F /* Build configuration list for PBXNativeTarget "ChatRoomUITests" */;
			buildPhases = (
				C353488E142F8E677FF8B85B /* [CP] Check Pods Manifest.lock */,
				CFCFBC371ED231AA009CC89F /* Sources */,
				CFCFBC381ED231AA009CC89F /* Frameworks */,
				CFCFBC391ED231AA009CC89F /* Resources */,
				91FA7CF5FB76B4B68C5DA4ED /* [CP] Embed Pods Frameworks */,
				53A06F5A20F4C741B6887F50 /* [CP] Copy Pods Resources */,
			);
			buildRules = (
			);
			dependencies = (
				CFCFBC3D1ED231AA009CC89F /* PBXTargetDependency */,
			);
			name = ChatRoomUITests;
			productName = ChatRoomUITests;
			productReference = CFCFBC3B1ED231AA009CC89F /* ChatRoomUITests.xctest */;
			productType = "com.apple.product-type.bundle.ui-testing";
		};
/* End PBXNativeTarget section */

/* Begin PBXProject section */
		CFCFBC141ED231A9009CC89F /* Project object */ = {
			isa = PBXProject;
			attributes = {
				LastSwiftUpdateCheck = 0830;
				LastUpgradeCheck = 0830;
				ORGANIZATIONNAME = "Trevor Rose";
				TargetAttributes = {
					CFCFBC1B1ED231A9009CC89F = {
						CreatedOnToolsVersion = 8.3.2;
						DevelopmentTeam = 9F5M35K84C;
						ProvisioningStyle = Automatic;
					};
					CFCFBC2F1ED231AA009CC89F = {
						CreatedOnToolsVersion = 8.3.2;
						DevelopmentTeam = 9F5M35K84C;
						ProvisioningStyle = Automatic;
						TestTargetID = CFCFBC1B1ED231A9009CC89F;
					};
					CFCFBC3A1ED231AA009CC89F = {
						CreatedOnToolsVersion = 8.3.2;
						DevelopmentTeam = 9F5M35K84C;
						ProvisioningStyle = Automatic;
						TestTargetID = CFCFBC1B1ED231A9009CC89F;
					};
				};
			};
			buildConfigurationList = CFCFBC171ED231A9009CC89F /* Build configuration list for PBXProject "ChatRoom" */;
			compatibilityVersion = "Xcode 3.2";
			developmentRegion = English;
			hasScannedForEncodings = 0;
			knownRegions = (
				en,
				Base,
			);
			mainGroup = CFCFBC131ED231A9009CC89F;
			productRefGroup = CFCFBC1D1ED231A9009CC89F /* Products */;
			projectDirPath = "";
			projectRoot = "";
			targets = (
				CFCFBC1B1ED231A9009CC89F /* ChatRoom */,
				CFCFBC2F1ED231AA009CC89F /* ChatRoomTests */,
				CFCFBC3A1ED231AA009CC89F /* ChatRoomUITests */,
			);
		};
/* End PBXProject section */

/* Begin PBXResourcesBuildPhase section */
		CFCFBC1A1ED231A9009CC89F /* Resources */ = {
			isa = PBXResourcesBuildPhase;
			buildActionMask = 2147483647;
			files = (
				CFCFBC2A1ED231A9009CC89F /* LaunchScreen.storyboard in Resources */,
				CFCFBC271ED231A9009CC89F /* Assets.xcassets in Resources */,
				CFCFBC251ED231A9009CC89F /* Main.storyboard in Resources */,
			);
			runOnlyForDeploymentPostprocessing = 0;
		};
		CFCFBC2E1ED231AA009CC89F /* Resources */ = {
			isa = PBXResourcesBuildPhase;
			buildActionMask = 2147483647;
			files = (
			);
			runOnlyForDeploymentPostprocessing = 0;
		};
		CFCFBC391ED231AA009CC89F /* Resources */ = {
			isa = PBXResourcesBuildPhase;
			buildActionMask = 2147483647;
			files = (
			);
			runOnlyForDeploymentPostprocessing = 0;
		};
/* End PBXResourcesBuildPhase section */

/* Begin PBXShellScriptBuildPhase section */
		0F192490478601F7BC86AC48 /* [CP] Copy Pods Resources */ = {
			isa = PBXShellScriptBuildPhase;
			buildActionMask = 2147483647;
			files = (
			);
			inputPaths = (
			);
			name = "[CP] Copy Pods Resources";
			outputPaths = (
			);
			runOnlyForDeploymentPostprocessing = 0;
			shellPath = /bin/sh;
			shellScript = "\"${SRCROOT}/Pods/Target Support Files/Pods-ChatRoomTests/Pods-ChatRoomTests-resources.sh\"\n";
			showEnvVarsInLog = 0;
		};
		53A06F5A20F4C741B6887F50 /* [CP] Copy Pods Resources */ = {
			isa = PBXShellScriptBuildPhase;
			buildActionMask = 2147483647;
			files = (
			);
			inputPaths = (
			);
			name = "[CP] Copy Pods Resources";
			outputPaths = (
			);
			runOnlyForDeploymentPostprocessing = 0;
			shellPath = /bin/sh;
			shellScript = "\"${SRCROOT}/Pods/Target Support Files/Pods-ChatRoomUITests/Pods-ChatRoomUITests-resources.sh\"\n";
			showEnvVarsInLog = 0;
		};
		6DF199438462E28CCDF15BE8 /* [CP] Embed Pods Frameworks */ = {
			isa = PBXShellScriptBuildPhase;
			buildActionMask = 2147483647;
			files = (
			);
			inputPaths = (
			);
			name = "[CP] Embed Pods Frameworks";
			outputPaths = (
			);
			runOnlyForDeploymentPostprocessing = 0;
			shellPath = /bin/sh;
			shellScript = "\"${SRCROOT}/Pods/Target Support Files/Pods-ChatRoom/Pods-ChatRoom-frameworks.sh\"\n";
			showEnvVarsInLog = 0;
		};
		7A67D717310BB50631BFFF23 /* [CP] Check Pods Manifest.lock */ = {
			isa = PBXShellScriptBuildPhase;
			buildActionMask = 2147483647;
			files = (
			);
			inputPaths = (
			);
			name = "[CP] Check Pods Manifest.lock";
			outputPaths = (
			);
			runOnlyForDeploymentPostprocessing = 0;
			shellPath = /bin/sh;
			shellScript = "diff \"${PODS_PODFILE_DIR_PATH}/Podfile.lock\" \"${PODS_ROOT}/Manifest.lock\" > /dev/null\nif [ $? != 0 ] ; then\n    # print error to STDERR\n    echo \"error: The sandbox is not in sync with the Podfile.lock. Run 'pod install' or update your CocoaPods installation.\" >&2\n    exit 1\nfi\n";
			showEnvVarsInLog = 0;
		};
		832D8B4402AEFD48F168858D /* [CP] Embed Pods Frameworks */ = {
			isa = PBXShellScriptBuildPhase;
			buildActionMask = 2147483647;
			files = (
			);
			inputPaths = (
			);
			name = "[CP] Embed Pods Frameworks";
			outputPaths = (
			);
			runOnlyForDeploymentPostprocessing = 0;
			shellPath = /bin/sh;
			shellScript = "\"${SRCROOT}/Pods/Target Support Files/Pods-ChatRoomTests/Pods-ChatRoomTests-frameworks.sh\"\n";
			showEnvVarsInLog = 0;
		};
		91FA7CF5FB76B4B68C5DA4ED /* [CP] Embed Pods Frameworks */ = {
			isa = PBXShellScriptBuildPhase;
			buildActionMask = 2147483647;
			files = (
			);
			inputPaths = (
			);
			name = "[CP] Embed Pods Frameworks";
			outputPaths = (
			);
			runOnlyForDeploymentPostprocessing = 0;
			shellPath = /bin/sh;
			shellScript = "\"${SRCROOT}/Pods/Target Support Files/Pods-ChatRoomUITests/Pods-ChatRoomUITests-frameworks.sh\"\n";
			showEnvVarsInLog = 0;
		};
		9C576329747C7BDD3199137C /* [CP] Copy Pods Resources */ = {
			isa = PBXShellScriptBuildPhase;
			buildActionMask = 2147483647;
			files = (
			);
			inputPaths = (
			);
			name = "[CP] Copy Pods Resources";
			outputPaths = (
			);
			runOnlyForDeploymentPostprocessing = 0;
			shellPath = /bin/sh;
			shellScript = "\"${SRCROOT}/Pods/Target Support Files/Pods-ChatRoom/Pods-ChatRoom-resources.sh\"\n";
			showEnvVarsInLog = 0;
		};
		C353488E142F8E677FF8B85B /* [CP] Check Pods Manifest.lock */ = {
			isa = PBXShellScriptBuildPhase;
			buildActionMask = 2147483647;
			files = (
			);
			inputPaths = (
			);
			name = "[CP] Check Pods Manifest.lock";
			outputPaths = (
			);
			runOnlyForDeploymentPostprocessing = 0;
			shellPath = /bin/sh;
			shellScript = "diff \"${PODS_PODFILE_DIR_PATH}/Podfile.lock\" \"${PODS_ROOT}/Manifest.lock\" > /dev/null\nif [ $? != 0 ] ; then\n    # print error to STDERR\n    echo \"error: The sandbox is not in sync with the Podfile.lock. Run 'pod install' or update your CocoaPods installation.\" >&2\n    exit 1\nfi\n";
			showEnvVarsInLog = 0;
		};
		E74F849042A9B4AD0D5636D9 /* [CP] Check Pods Manifest.lock */ = {
			isa = PBXShellScriptBuildPhase;
			buildActionMask = 2147483647;
			files = (
			);
			inputPaths = (
			);
			name = "[CP] Check Pods Manifest.lock";
			outputPaths = (
			);
			runOnlyForDeploymentPostprocessing = 0;
			shellPath = /bin/sh;
			shellScript = "diff \"${PODS_PODFILE_DIR_PATH}/Podfile.lock\" \"${PODS_ROOT}/Manifest.lock\" > /dev/null\nif [ $? != 0 ] ; then\n    # print error to STDERR\n    echo \"error: The sandbox is not in sync with the Podfile.lock. Run 'pod install' or update your CocoaPods installation.\" >&2\n    exit 1\nfi\n";
			showEnvVarsInLog = 0;
		};
/* End PBXShellScriptBuildPhase section */

/* Begin PBXSourcesBuildPhase section */
		CFCFBC181ED231A9009CC89F /* Sources */ = {
			isa = PBXSourcesBuildPhase;
			buildActionMask = 2147483647;
			files = (
				CFCFBC4F1ED233B6009CC89F /* SignInVC.swift in Sources */,
				CFCFBC201ED231A9009CC89F /* AppDelegate.swift in Sources */,
			);
			runOnlyForDeploymentPostprocessing = 0;
		};
		CFCFBC2C1ED231AA009CC89F /* Sources */ = {
			isa = PBXSourcesBuildPhase;
			buildActionMask = 2147483647;
			files = (
				CFCFBC351ED231AA009CC89F /* ChatRoomTests.swift in Sources */,
			);
			runOnlyForDeploymentPostprocessing = 0;
		};
		CFCFBC371ED231AA009CC89F /* Sources */ = {
			isa = PBXSourcesBuildPhase;
			buildActionMask = 2147483647;
			files = (
				CFCFBC401ED231AA009CC89F /* ChatRoomUITests.swift in Sources */,
			);
			runOnlyForDeploymentPostprocessing = 0;
		};
/* End PBXSourcesBuildPhase section */

/* Begin PBXTargetDependency section */
		CFCFBC321ED231AA009CC89F /* PBXTargetDependency */ = {
			isa = PBXTargetDependency;
			target = CFCFBC1B1ED231A9009CC89F /* ChatRoom */;
			targetProxy = CFCFBC311ED231AA009CC89F /* PBXContainerItemProxy */;
		};
		CFCFBC3D1ED231AA009CC89F /* PBXTargetDependency */ = {
			isa = PBXTargetDependency;
			target = CFCFBC1B1ED231A9009CC89F /* ChatRoom */;
			targetProxy = CFCFBC3C1ED231AA009CC89F /* PBXContainerItemProxy */;
		};
/* End PBXTargetDependency section */

/* Begin PBXVariantGroup section */
		CFCFBC231ED231A9009CC89F /* Main.storyboard */ = {
			isa = PBXVariantGroup;
			children = (
				CFCFBC241ED231A9009CC89F /* Base */,
			);
			name = Main.storyboard;
			sourceTree = "<group>";
		};
		CFCFBC281ED231A9009CC89F /* LaunchScreen.storyboard */ = {
			isa = PBXVariantGroup;
			children = (
				CFCFBC291ED231A9009CC89F /* Base */,
			);
			name = LaunchScreen.storyboard;
			sourceTree = "<group>";
		};
/* End PBXVariantGroup section */

/* Begin XCBuildConfiguration section */
		CFCFBC421ED231AA009CC89F /* Debug */ = {
			isa = XCBuildConfiguration;
			buildSettings = {
				ALWAYS_SEARCH_USER_PATHS = NO;
				CLANG_ANALYZER_NONNULL = YES;
				CLANG_ANALYZER_NUMBER_OBJECT_CONVERSION = YES_AGGRESSIVE;
				CLANG_CXX_LANGUAGE_STANDARD = "gnu++0x";
				CLANG_CXX_LIBRARY = "libc++";
				CLANG_ENABLE_MODULES = YES;
				CLANG_ENABLE_OBJC_ARC = YES;
				CLANG_WARN_BOOL_CONVERSION = YES;
				CLANG_WARN_CONSTANT_CONVERSION = YES;
				CLANG_WARN_DIRECT_OBJC_ISA_USAGE = YES_ERROR;
				CLANG_WARN_DOCUMENTATION_COMMENTS = YES;
				CLANG_WARN_EMPTY_BODY = YES;
				CLANG_WARN_ENUM_CONVERSION = YES;
				CLANG_WARN_INFINITE_RECURSION = YES;
				CLANG_WARN_INT_CONVERSION = YES;
				CLANG_WARN_OBJC_ROOT_CLASS = YES_ERROR;
				CLANG_WARN_SUSPICIOUS_MOVE = YES;
				CLANG_WARN_UNREACHABLE_CODE = YES;
				CLANG_WARN__DUPLICATE_METHOD_MATCH = YES;
				"CODE_SIGN_IDENTITY[sdk=iphoneos*]" = "iPhone Developer";
				COPY_PHASE_STRIP = NO;
				DEBUG_INFORMATION_FORMAT = dwarf;
				ENABLE_STRICT_OBJC_MSGSEND = YES;
				ENABLE_TESTABILITY = YES;
				GCC_C_LANGUAGE_STANDARD = gnu99;
				GCC_DYNAMIC_NO_PIC = NO;
				GCC_NO_COMMON_BLOCKS = YES;
				GCC_OPTIMIZATION_LEVEL = 0;
				GCC_PREPROCESSOR_DEFINITIONS = (
					"DEBUG=1",
					"$(inherited)",
				);
				GCC_WARN_64_TO_32_BIT_CONVERSION = YES;
				GCC_WARN_ABOUT_RETURN_TYPE = YES_ERROR;
				GCC_WARN_UNDECLARED_SELECTOR = YES;
				GCC_WARN_UNINITIALIZED_AUTOS = YES_AGGRESSIVE;
				GCC_WARN_UNUSED_FUNCTION = YES;
				GCC_WARN_UNUSED_VARIABLE = YES;
				IPHONEOS_DEPLOYMENT_TARGET = 10.3;
				MTL_ENABLE_DEBUG_INFO = YES;
				ONLY_ACTIVE_ARCH = YES;
				SDKROOT = iphoneos;
				SWIFT_ACTIVE_COMPILATION_CONDITIONS = DEBUG;
				SWIFT_OPTIMIZATION_LEVEL = "-Onone";
				TARGETED_DEVICE_FAMILY = "1,2";
			};
			name = Debug;
		};
		CFCFBC431ED231AA009CC89F /* Release */ = {
			isa = XCBuildConfiguration;
			buildSettings = {
				ALWAYS_SEARCH_USER_PATHS = NO;
				CLANG_ANALYZER_NONNULL = YES;
				CLANG_ANALYZER_NUMBER_OBJECT_CONVERSION = YES_AGGRESSIVE;
				CLANG_CXX_LANGUAGE_STANDARD = "gnu++0x";
				CLANG_CXX_LIBRARY = "libc++";
				CLANG_ENABLE_MODULES = YES;
				CLANG_ENABLE_OBJC_ARC = YES;
				CLANG_WARN_BOOL_CONVERSION = YES;
				CLANG_WARN_CONSTANT_CONVERSION = YES;
				CLANG_WARN_DIRECT_OBJC_ISA_USAGE = YES_ERROR;
				CLANG_WARN_DOCUMENTATION_COMMENTS = YES;
				CLANG_WARN_EMPTY_BODY = YES;
				CLANG_WARN_ENUM_CONVERSION = YES;
				CLANG_WARN_INFINITE_RECURSION = YES;
				CLANG_WARN_INT_CONVERSION = YES;
				CLANG_WARN_OBJC_ROOT_CLASS = YES_ERROR;
				CLANG_WARN_SUSPICIOUS_MOVE = YES;
				CLANG_WARN_UNREACHABLE_CODE = YES;
				CLANG_WARN__DUPLICATE_METHOD_MATCH = YES;
				"CODE_SIGN_IDENTITY[sdk=iphoneos*]" = "iPhone Developer";
				COPY_PHASE_STRIP = NO;
				DEBUG_INFORMATION_FORMAT = "dwarf-with-dsym";
				ENABLE_NS_ASSERTIONS = NO;
				ENABLE_STRICT_OBJC_MSGSEND = YES;
				GCC_C_LANGUAGE_STANDARD = gnu99;
				GCC_NO_COMMON_BLOCKS = YES;
				GCC_WARN_64_TO_32_BIT_CONVERSION = YES;
				GCC_WARN_ABOUT_RETURN_TYPE = YES_ERROR;
				GCC_WARN_UNDECLARED_SELECTOR = YES;
				GCC_WARN_UNINITIALIZED_AUTOS = YES_AGGRESSIVE;
				GCC_WARN_UNUSED_FUNCTION = YES;
				GCC_WARN_UNUSED_VARIABLE = YES;
				IPHONEOS_DEPLOYMENT_TARGET = 10.3;
				MTL_ENABLE_DEBUG_INFO = NO;
				SDKROOT = iphoneos;
				SWIFT_OPTIMIZATION_LEVEL = "-Owholemodule";
				TARGETED_DEVICE_FAMILY = "1,2";
				VALIDATE_PRODUCT = YES;
			};
			name = Release;
		};
		CFCFBC451ED231AA009CC89F /* Debug */ = {
			isa = XCBuildConfiguration;
			baseConfigurationReference = 386DB5B2F269963B36BF2F49 /* Pods-ChatRoom.debug.xcconfig */;
			buildSettings = {
				ASSETCATALOG_COMPILER_APPICON_NAME = AppIcon;
				DEVELOPMENT_TEAM = 9F5M35K84C;
				INFOPLIST_FILE = ChatRoom/Info.plist;
				LD_RUNPATH_SEARCH_PATHS = "$(inherited) @executable_path/Frameworks";
				PRODUCT_BUNDLE_IDENTIFIER = com.keyloftstudios.ChatRoom;
				PRODUCT_NAME = "$(TARGET_NAME)";
				SWIFT_VERSION = 3.0;
			};
			name = Debug;
		};
		CFCFBC461ED231AA009CC89F /* Release */ = {
			isa = XCBuildConfiguration;
			baseConfigurationReference = 448BAAFD08F0CB0D9DABEA28 /* Pods-ChatRoom.release.xcconfig */;
			buildSettings = {
				ASSETCATALOG_COMPILER_APPICON_NAME = AppIcon;
				DEVELOPMENT_TEAM = 9F5M35K84C;
				INFOPLIST_FILE = ChatRoom/Info.plist;
				LD_RUNPATH_SEARCH_PATHS = "$(inherited) @executable_path/Frameworks";
				PRODUCT_BUNDLE_IDENTIFIER = com.keyloftstudios.ChatRoom;
				PRODUCT_NAME = "$(TARGET_NAME)";
				SWIFT_VERSION = 3.0;
			};
			name = Release;
		};
		CFCFBC481ED231AA009CC89F /* Debug */ = {
			isa = XCBuildConfiguration;
			baseConfigurationReference = 0AA9E2F16F3B60678BB0BFD8 /* Pods-ChatRoomTests.debug.xcconfig */;
			buildSettings = {
				ALWAYS_EMBED_SWIFT_STANDARD_LIBRARIES = YES;
				BUNDLE_LOADER = "$(TEST_HOST)";
				DEVELOPMENT_TEAM = 9F5M35K84C;
				INFOPLIST_FILE = ChatRoomTests/Info.plist;
				LD_RUNPATH_SEARCH_PATHS = "$(inherited) @executable_path/Frameworks @loader_path/Frameworks";
				PRODUCT_BUNDLE_IDENTIFIER = com.keyloftstudios.ChatRoomTests;
				PRODUCT_NAME = "$(TARGET_NAME)";
				SWIFT_VERSION = 3.0;
				TEST_HOST = "$(BUILT_PRODUCTS_DIR)/ChatRoom.app/ChatRoom";
			};
			name = Debug;
		};
		CFCFBC491ED231AA009CC89F /* Release */ = {
			isa = XCBuildConfiguration;
			baseConfigurationReference = 1B4DFC170EF22A13C9F8FD2D /* Pods-ChatRoomTests.release.xcconfig */;
			buildSettings = {
				ALWAYS_EMBED_SWIFT_STANDARD_LIBRARIES = YES;
				BUNDLE_LOADER = "$(TEST_HOST)";
				DEVELOPMENT_TEAM = 9F5M35K84C;
				INFOPLIST_FILE = ChatRoomTests/Info.plist;
				LD_RUNPATH_SEARCH_PATHS = "$(inherited) @executable_path/Frameworks @loader_path/Frameworks";
				PRODUCT_BUNDLE_IDENTIFIER = com.keyloftstudios.ChatRoomTests;
				PRODUCT_NAME = "$(TARGET_NAME)";
				SWIFT_VERSION = 3.0;
				TEST_HOST = "$(BUILT_PRODUCTS_DIR)/ChatRoom.app/ChatRoom";
			};
			name = Release;
		};
		CFCFBC4B1ED231AA009CC89F /* Debug */ = {
			isa = XCBuildConfiguration;
			baseConfigurationReference = 698563C41BDE53CA7BDAD8A2 /* Pods-ChatRoomUITests.debug.xcconfig */;
			buildSettings = {
				ALWAYS_EMBED_SWIFT_STANDARD_LIBRARIES = YES;
				DEVELOPMENT_TEAM = 9F5M35K84C;
				INFOPLIST_FILE = ChatRoomUITests/Info.plist;
				LD_RUNPATH_SEARCH_PATHS = "$(inherited) @executable_path/Frameworks @loader_path/Frameworks";
				PRODUCT_BUNDLE_IDENTIFIER = com.keyloftstudios.ChatRoomUITests;
				PRODUCT_NAME = "$(TARGET_NAME)";
				SWIFT_VERSION = 3.0;
				TEST_TARGET_NAME = ChatRoom;
			};
			name = Debug;
		};
		CFCFBC4C1ED231AA009CC89F /* Release */ = {
			isa = XCBuildConfiguration;
			baseConfigurationReference = 22F87A342EC3016FF0D6383D /* Pods-ChatRoomUITests.release.xcconfig */;
			buildSettings = {
				ALWAYS_EMBED_SWIFT_STANDARD_LIBRARIES = YES;
				DEVELOPMENT_TEAM = 9F5M35K84C;
				INFOPLIST_FILE = ChatRoomUITests/Info.plist;
				LD_RUNPATH_SEARCH_PATHS = "$(inherited) @executable_path/Frameworks @loader_path/Frameworks";
				PRODUCT_BUNDLE_IDENTIFIER = com.keyloftstudios.ChatRoomUITests;
				PRODUCT_NAME = "$(TARGET_NAME)";
				SWIFT_VERSION = 3.0;
				TEST_TARGET_NAME = ChatRoom;
			};
			name = Release;
		};
/* End XCBuildConfiguration section */

/* Begin XCConfigurationList section */
		CFCFBC171ED231A9009CC89F /* Build configuration list for PBXProject "ChatRoom" */ = {
			isa = XCConfigurationList;
			buildConfigurations = (
				CFCFBC421ED231AA009CC89F /* Debug */,
				CFCFBC431ED231AA009CC89F /* Release */,
			);
			defaultConfigurationIsVisible = 0;
			defaultConfigurationName = Release;
		};
		CFCFBC441ED231AA009CC89F /* Build configuration list for PBXNativeTarget "ChatRoom" */ = {
			isa = XCConfigurationList;
			buildConfigurations = (
				CFCFBC451ED231AA009CC89F /* Debug */,
				CFCFBC461ED231AA009CC89F /* Release */,
			);
			defaultConfigurationIsVisible = 0;
			defaultConfigurationName = Release;
		};
		CFCFBC471ED231AA009CC89F /* Build configuration list for PBXNativeTarget "ChatRoomTests" */ = {
			isa = XCConfigurationList;
			buildConfigurations = (
				CFCFBC481ED231AA009CC89F /* Debug */,
				CFCFBC491ED231AA009CC89F /* Release */,
			);
			defaultConfigurationIsVisible = 0;
			defaultConfigurationName = Release;
		};
		CFCFBC4A1ED231AA009CC89F /* Build configuration list for PBXNativeTarget "ChatRoomUITests" */ = {
			isa = XCConfigurationList;
			buildConfigurations = (
				CFCFBC4B1ED231AA009CC89F /* Debug */,
				CFCFBC4C1ED231AA009CC89F /* Release */,
			);
			defaultConfigurationIsVisible = 0;
			defaultConfigurationName = Release;
		};
/* End XCConfigurationList section */
	};
	rootObject = CFCFBC141ED231A9009CC89F /* Project object */;
}
